
Microsoft Visual Studio Solution File, Format Version 12.00
# Visual Studio Version 17
VisualStudioVersion = 17.10.35013.160
MinimumVisualStudioVersion = 10.0.40219.1
Project("{9A19103F-16F7-4668-BE54-9A1E7A4F7556}") = "SalesWPFApp", "Assignment01\SalesWPFApp.csproj", "{013DD858-17C7-40F5-B516-6901101E6702}"
EndProject
Project("{9A19103F-16F7-4668-BE54-9A1E7A4F7556}") = "DataAccess", "DataAccess\DataAccess.csproj", "{3C822A26-54A4-4D6F-A5B2-36E827FF48F0}"
EndProject
Project("{9A19103F-16F7-4668-BE54-9A1E7A4F7556}") = "BussinessObject", "BussinessObject\BussinessObject.csproj", "{47EE224D-6E0B-449A-893D-B39107762653}"
EndProject
Global
	GlobalSection(SolutionConfigurationPlatforms) = preSolution
		Debug|Any CPU = Debug|Any CPU
		Release|Any CPU = Release|Any CPU
	EndGlobalSection
	GlobalSection(ProjectConfigurationPlatforms) = postSolution
		{013DD858-17C7-40F5-B516-6901101E6702}.Debug|Any CPU.ActiveCfg = Debug|Any CPU
		{013DD858-17C7-40F5-B516-6901101E6702}.Debug|Any CPU.Build.0 = Debug|Any CPU
		{013DD858-17C7-40F5-B516-6901101E6702}.Release|Any CPU.ActiveCfg = Release|Any CPU
		{013DD858-17C7-40F5-B516-6901101E6702}.Release|Any CPU.Build.0 = Release|Any CPU
		{3C822A26-54A4-4D6F-A5B2-36E827FF48F0}.Debug|Any CPU.ActiveCfg = Debug|Any CPU
		{3C822A26-54A4-4D6F-A5B2-36E827FF48F0}.Debug|Any CPU.Build.0 = Debug|Any CPU
		{3C822A26-54A4-4D6F-A5B2-36E827FF48F0}.Release|Any CPU.ActiveCfg = Release|Any CPU
		{3C822A26-54A4-4D6F-A5B2-36E827FF48F0}.Release|Any CPU.Build.0 = Release|Any CPU
		{47EE224D-6E0B-449A-893D-B39107762653}.Debug|Any CPU.ActiveCfg = Debug|Any CPU
		{47EE224D-6E0B-449A-893D-B39107762653}.Debug|Any CPU.Build.0 = Debug|Any CPU
		{47EE224D-6E0B-449A-893D-B39107762653}.Release|Any CPU.ActiveCfg = Release|Any CPU
		{47EE224D-6E0B-449A-893D-B39107762653}.Release|Any CPU.Build.0 = Release|Any CPU
	EndGlobalSection
	GlobalSection(SolutionProperties) = preSolution
		HideSolutionNode = FALSE
	EndGlobalSection
	GlobalSection(ExtensibilityGlobals) = postSolution
		SolutionGuid = {89BE47C1-B5C8-46E4-9A3B-848F43A347BF}
	EndGlobalSection
EndGlobal
